# This file is automatically @generated by Cargo.
# It is not intended for manual editing.
version = 3

[[package]]
name = "retry"
version = "1.3.0"
source = "registry+https://github.com/rust-lang/crates.io-index"
checksum = "1d7cf7a37d3ec90193e5a553d7f5ce283665a29c5e7e3973ceb08568c902dc07"

[[package]]
name = "retry-cli"
version = "0.1.0"
dependencies = [
 "retry",
]
